
Microsoft Visual Studio Solution File, Format Version 12.00
# Visual Studio Version 17
VisualStudioVersion = 17.8.34330.188
MinimumVisualStudioVersion = 10.0.40219.1
Project("{FAE04EC0-301F-11D3-BF4B-00C04F79EFBC}") = "presentacion", "presentacion\presentacion.csproj", "{D1267090-45A1-45E5-AE4F-165BFDD049A5}"
EndProject
Global
	GlobalSection(SolutionConfigurationPlatforms) = preSolution
		Debug|Any CPU = Debug|Any CPU
		Release|Any CPU = Release|Any CPU
	EndGlobalSection
	GlobalSection(ProjectConfigurationPlatforms) = postSolution
		{D1267090-45A1-45E5-AE4F-165BFDD049A5}.Debug|Any CPU.ActiveCfg = Debug|Any CPU
		{D1267090-45A1-45E5-AE4F-165BFDD049A5}.Debug|Any CPU.Build.0 = Debug|Any CPU
		{D1267090-45A1-45E5-AE4F-165BFDD049A5}.Release|Any CPU.ActiveCfg = Release|Any CPU
		{D1267090-45A1-45E5-AE4F-165BFDD049A5}.Release|Any CPU.Build.0 = Release|Any CPU
	EndGlobalSection
	GlobalSection(SolutionProperties) = preSolution
		HideSolutionNode = FALSE
	EndGlobalSection
	GlobalSection(ExtensibilityGlobals) = postSolution
		SolutionGuid = {096E31BF-1B78-43B1-A82A-DE4C8E464EDB}
	EndGlobalSection
EndGlobal
